// !$*UTF8*$!
{
	archiveVersion = 1;
	classes = {
	};
	objectVersion = 51;
	objects = {

/* Begin PBXBuildFile section */
		83416A602458F31200CD52DF /* HomeCollectionViewCell.swift in Sources */ = {isa = PBXBuildFile; fileRef = 83416A5F2458F31200CD52DF /* HomeCollectionViewCell.swift */; };
		836C130324595E7F00C2E66D /* DetailPresenter.swift in Sources */ = {isa = PBXBuildFile; fileRef = 836C12FC24595E7F00C2E66D /* DetailPresenter.swift */; };
		836C130424595E7F00C2E66D /* DetailLocalDataManager.swift in Sources */ = {isa = PBXBuildFile; fileRef = 836C12FD24595E7F00C2E66D /* DetailLocalDataManager.swift */; };
		836C130524595E7F00C2E66D /* DetailProtocols.swift in Sources */ = {isa = PBXBuildFile; fileRef = 836C12FE24595E7F00C2E66D /* DetailProtocols.swift */; };
		836C130624595E7F00C2E66D /* DetailInteractor.swift in Sources */ = {isa = PBXBuildFile; fileRef = 836C12FF24595E7F00C2E66D /* DetailInteractor.swift */; };
		836C130724595E7F00C2E66D /* DetailView.swift in Sources */ = {isa = PBXBuildFile; fileRef = 836C130024595E7F00C2E66D /* DetailView.swift */; };
		836C130824595E7F00C2E66D /* DetailRemoteDataManager.swift in Sources */ = {isa = PBXBuildFile; fileRef = 836C130124595E7F00C2E66D /* DetailRemoteDataManager.swift */; };
		836C130924595E7F00C2E66D /* DetailWireFrame.swift in Sources */ = {isa = PBXBuildFile; fileRef = 836C130224595E7F00C2E66D /* DetailWireFrame.swift */; };
		836C130B245968F400C2E66D /* DetailView.storyboard in Resources */ = {isa = PBXBuildFile; fileRef = 836C130A245968F400C2E66D /* DetailView.storyboard */; };
		839B4E702458BC1C005A5FBE /* ApiFactory+Characters.swift in Sources */ = {isa = PBXBuildFile; fileRef = 839B4E6F2458BC1C005A5FBE /* ApiFactory+Characters.swift */; };
		839B4E722458BC53005A5FBE /* ApiFactoryProtocol.swift in Sources */ = {isa = PBXBuildFile; fileRef = 839B4E712458BC53005A5FBE /* ApiFactoryProtocol.swift */; };
		83AF6FD42458442F005AF5A8 /* AppDelegate.swift in Sources */ = {isa = PBXBuildFile; fileRef = 83AF6FD32458442F005AF5A8 /* AppDelegate.swift */; };
		83AF6FDD24584431005AF5A8 /* Assets.xcassets in Resources */ = {isa = PBXBuildFile; fileRef = 83AF6FDC24584431005AF5A8 /* Assets.xcassets */; };
		83AF6FE024584431005AF5A8 /* LaunchScreen.storyboard in Resources */ = {isa = PBXBuildFile; fileRef = 83AF6FDE24584431005AF5A8 /* LaunchScreen.storyboard */; };
		83AF6FFD2458544B005AF5A8 /* HomePresenter.swift in Sources */ = {isa = PBXBuildFile; fileRef = 83AF6FF62458544B005AF5A8 /* HomePresenter.swift */; };
		83AF6FFE2458544B005AF5A8 /* HomeLocalDataManager.swift in Sources */ = {isa = PBXBuildFile; fileRef = 83AF6FF72458544B005AF5A8 /* HomeLocalDataManager.swift */; };
		83AF6FFF2458544B005AF5A8 /* HomeProtocols.swift in Sources */ = {isa = PBXBuildFile; fileRef = 83AF6FF82458544B005AF5A8 /* HomeProtocols.swift */; };
		83AF70002458544B005AF5A8 /* HomeInteractor.swift in Sources */ = {isa = PBXBuildFile; fileRef = 83AF6FF92458544B005AF5A8 /* HomeInteractor.swift */; };
		83AF70012458544B005AF5A8 /* HomeView.swift in Sources */ = {isa = PBXBuildFile; fileRef = 83AF6FFA2458544B005AF5A8 /* HomeView.swift */; };
		83AF70022458544B005AF5A8 /* HomeRemoteDataManager.swift in Sources */ = {isa = PBXBuildFile; fileRef = 83AF6FFB2458544B005AF5A8 /* HomeRemoteDataManager.swift */; };
		83AF70032458544B005AF5A8 /* HomeWireFrame.swift in Sources */ = {isa = PBXBuildFile; fileRef = 83AF6FFC2458544B005AF5A8 /* HomeWireFrame.swift */; };
		83AF7005245854E7005AF5A8 /* HomeView.storyboard in Resources */ = {isa = PBXBuildFile; fileRef = 83AF7004245854E7005AF5A8 /* HomeView.storyboard */; };
		83AF700724585B82005AF5A8 /* CharactersResponse.swift in Sources */ = {isa = PBXBuildFile; fileRef = 83AF700624585B82005AF5A8 /* CharactersResponse.swift */; };
		83AF700924585D8F005AF5A8 /* Character.swift in Sources */ = {isa = PBXBuildFile; fileRef = 83AF700824585D8F005AF5A8 /* Character.swift */; };
		83AF700F2458A584005AF5A8 /* ApiFactory.swift in Sources */ = {isa = PBXBuildFile; fileRef = 83AF700E2458A584005AF5A8 /* ApiFactory.swift */; };
		CA5B3BE4695AD7D9EB7371D3 /* Pods_OpenbankMobileTest.framework in Frameworks */ = {isa = PBXBuildFile; fileRef = 14DA73C60E2DD5CA5C9467C6 /* Pods_OpenbankMobileTest.framework */; };
/* End PBXBuildFile section */

/* Begin PBXFileReference section */
		14DA73C60E2DD5CA5C9467C6 /* Pods_OpenbankMobileTest.framework */ = {isa = PBXFileReference; explicitFileType = wrapper.framework; includeInIndex = 0; path = Pods_OpenbankMobileTest.framework; sourceTree = BUILT_PRODUCTS_DIR; };
		83416A5F2458F31200CD52DF /* HomeCollectionViewCell.swift */ = {isa = PBXFileReference; lastKnownFileType = sourcecode.swift; path = HomeCollectionViewCell.swift; sourceTree = "<group>"; };
		836C12FC24595E7F00C2E66D /* DetailPresenter.swift */ = {isa = PBXFileReference; lastKnownFileType = sourcecode.swift; path = DetailPresenter.swift; sourceTree = "<group>"; };
		836C12FD24595E7F00C2E66D /* DetailLocalDataManager.swift */ = {isa = PBXFileReference; lastKnownFileType = sourcecode.swift; path = DetailLocalDataManager.swift; sourceTree = "<group>"; };
		836C12FE24595E7F00C2E66D /* DetailProtocols.swift */ = {isa = PBXFileReference; lastKnownFileType = sourcecode.swift; path = DetailProtocols.swift; sourceTree = "<group>"; };
		836C12FF24595E7F00C2E66D /* DetailInteractor.swift */ = {isa = PBXFileReference; lastKnownFileType = sourcecode.swift; path = DetailInteractor.swift; sourceTree = "<group>"; };
		836C130024595E7F00C2E66D /* DetailView.swift */ = {isa = PBXFileReference; lastKnownFileType = sourcecode.swift; path = DetailView.swift; sourceTree = "<group>"; };
		836C130124595E7F00C2E66D /* DetailRemoteDataManager.swift */ = {isa = PBXFileReference; lastKnownFileType = sourcecode.swift; path = DetailRemoteDataManager.swift; sourceTree = "<group>"; };
		836C130224595E7F00C2E66D /* DetailWireFrame.swift */ = {isa = PBXFileReference; lastKnownFileType = sourcecode.swift; path = DetailWireFrame.swift; sourceTree = "<group>"; };
		836C130A245968F400C2E66D /* DetailView.storyboard */ = {isa = PBXFileReference; lastKnownFileType = file.storyboard; path = DetailView.storyboard; sourceTree = "<group>"; };
		839B4E6F2458BC1C005A5FBE /* ApiFactory+Characters.swift */ = {isa = PBXFileReference; lastKnownFileType = sourcecode.swift; path = "ApiFactory+Characters.swift"; sourceTree = "<group>"; };
		839B4E712458BC53005A5FBE /* ApiFactoryProtocol.swift */ = {isa = PBXFileReference; lastKnownFileType = sourcecode.swift; path = ApiFactoryProtocol.swift; sourceTree = "<group>"; };
		83AF6FD02458442F005AF5A8 /* OpenbankMobileTest.app */ = {isa = PBXFileReference; explicitFileType = wrapper.application; includeInIndex = 0; path = OpenbankMobileTest.app; sourceTree = BUILT_PRODUCTS_DIR; };
		83AF6FD32458442F005AF5A8 /* AppDelegate.swift */ = {isa = PBXFileReference; lastKnownFileType = sourcecode.swift; path = AppDelegate.swift; sourceTree = "<group>"; };
		83AF6FDC24584431005AF5A8 /* Assets.xcassets */ = {isa = PBXFileReference; lastKnownFileType = folder.assetcatalog; path = Assets.xcassets; sourceTree = "<group>"; };
		83AF6FDF24584431005AF5A8 /* Base */ = {isa = PBXFileReference; lastKnownFileType = file.storyboard; name = Base; path = Base.lproj/LaunchScreen.storyboard; sourceTree = "<group>"; };
		83AF6FE124584432005AF5A8 /* Info.plist */ = {isa = PBXFileReference; lastKnownFileType = text.plist.xml; path = Info.plist; sourceTree = "<group>"; };
		83AF6FF62458544B005AF5A8 /* HomePresenter.swift */ = {isa = PBXFileReference; lastKnownFileType = sourcecode.swift; path = HomePresenter.swift; sourceTree = "<group>"; };
		83AF6FF72458544B005AF5A8 /* HomeLocalDataManager.swift */ = {isa = PBXFileReference; lastKnownFileType = sourcecode.swift; path = HomeLocalDataManager.swift; sourceTree = "<group>"; };
		83AF6FF82458544B005AF5A8 /* HomeProtocols.swift */ = {isa = PBXFileReference; lastKnownFileType = sourcecode.swift; path = HomeProtocols.swift; sourceTree = "<group>"; };
		83AF6FF92458544B005AF5A8 /* HomeInteractor.swift */ = {isa = PBXFileReference; lastKnownFileType = sourcecode.swift; path = HomeInteractor.swift; sourceTree = "<group>"; };
		83AF6FFA2458544B005AF5A8 /* HomeView.swift */ = {isa = PBXFileReference; lastKnownFileType = sourcecode.swift; path = HomeView.swift; sourceTree = "<group>"; };
		83AF6FFB2458544B005AF5A8 /* HomeRemoteDataManager.swift */ = {isa = PBXFileReference; lastKnownFileType = sourcecode.swift; path = HomeRemoteDataManager.swift; sourceTree = "<group>"; };
		83AF6FFC2458544B005AF5A8 /* HomeWireFrame.swift */ = {isa = PBXFileReference; lastKnownFileType = sourcecode.swift; path = HomeWireFrame.swift; sourceTree = "<group>"; };
		83AF7004245854E7005AF5A8 /* HomeView.storyboard */ = {isa = PBXFileReference; lastKnownFileType = file.storyboard; path = HomeView.storyboard; sourceTree = "<group>"; };
		83AF700624585B82005AF5A8 /* CharactersResponse.swift */ = {isa = PBXFileReference; lastKnownFileType = sourcecode.swift; path = CharactersResponse.swift; sourceTree = "<group>"; };
		83AF700824585D8F005AF5A8 /* Character.swift */ = {isa = PBXFileReference; lastKnownFileType = sourcecode.swift; path = Character.swift; sourceTree = "<group>"; };
		83AF700E2458A584005AF5A8 /* ApiFactory.swift */ = {isa = PBXFileReference; lastKnownFileType = sourcecode.swift; path = ApiFactory.swift; sourceTree = "<group>"; };
		89BAB2556983017B1C39E10A /* Pods-OpenbankMobileTest.debug.xcconfig */ = {isa = PBXFileReference; includeInIndex = 1; lastKnownFileType = text.xcconfig; name = "Pods-OpenbankMobileTest.debug.xcconfig"; path = "Target Support Files/Pods-OpenbankMobileTest/Pods-OpenbankMobileTest.debug.xcconfig"; sourceTree = "<group>"; };
		D18FC98EFCF7B6098FB48E84 /* Pods-OpenbankMobileTest.release.xcconfig */ = {isa = PBXFileReference; includeInIndex = 1; lastKnownFileType = text.xcconfig; name = "Pods-OpenbankMobileTest.release.xcconfig"; path = "Target Support Files/Pods-OpenbankMobileTest/Pods-OpenbankMobileTest.release.xcconfig"; sourceTree = "<group>"; };
/* End PBXFileReference section */

/* Begin PBXFrameworksBuildPhase section */
		83AF6FCD2458442F005AF5A8 /* Frameworks */ = {
			isa = PBXFrameworksBuildPhase;
			buildActionMask = 2147483647;
			files = (
				CA5B3BE4695AD7D9EB7371D3 /* Pods_OpenbankMobileTest.framework in Frameworks */,
			);
			runOnlyForDeploymentPostprocessing = 0;
		};
/* End PBXFrameworksBuildPhase section */

/* Begin PBXGroup section */
		181C4ED2BF6C8B882DE2E466 /* Frameworks */ = {
			isa = PBXGroup;
			children = (
				14DA73C60E2DD5CA5C9467C6 /* Pods_OpenbankMobileTest.framework */,
			);
			name = Frameworks;
			sourceTree = "<group>";
		};
		836C12FB24595E5F00C2E66D /* DetailView */ = {
			isa = PBXGroup;
			children = (
				836C12FC24595E7F00C2E66D /* DetailPresenter.swift */,
				836C12FD24595E7F00C2E66D /* DetailLocalDataManager.swift */,
				836C12FE24595E7F00C2E66D /* DetailProtocols.swift */,
				836C12FF24595E7F00C2E66D /* DetailInteractor.swift */,
				836C130024595E7F00C2E66D /* DetailView.swift */,
				836C130124595E7F00C2E66D /* DetailRemoteDataManager.swift */,
				836C130224595E7F00C2E66D /* DetailWireFrame.swift */,
				836C130A245968F400C2E66D /* DetailView.storyboard */,
			);
			path = DetailView;
			sourceTree = "<group>";
		};
		83AF6FC72458442F005AF5A8 = {
			isa = PBXGroup;
			children = (
				83AF6FD22458442F005AF5A8 /* OpenbankMobileTest */,
				83AF6FD12458442F005AF5A8 /* Products */,
				95B3EFE78059889155C16F7A /* Pods */,
				181C4ED2BF6C8B882DE2E466 /* Frameworks */,
			);
			sourceTree = "<group>";
		};
		83AF6FD12458442F005AF5A8 /* Products */ = {
			isa = PBXGroup;
			children = (
				83AF6FD02458442F005AF5A8 /* OpenbankMobileTest.app */,
			);
			name = Products;
			sourceTree = "<group>";
		};
		83AF6FD22458442F005AF5A8 /* OpenbankMobileTest */ = {
			isa = PBXGroup;
			children = (
				83AF6FD32458442F005AF5A8 /* AppDelegate.swift */,
				83AF6FDC24584431005AF5A8 /* Assets.xcassets */,
				83AF6FDE24584431005AF5A8 /* LaunchScreen.storyboard */,
				83AF6FE124584432005AF5A8 /* Info.plist */,
				83AF6FF524585368005AF5A8 /* HomeView */,
				836C12FB24595E5F00C2E66D /* DetailView */,
				83AF700D24588F6A005AF5A8 /* Networking */,
				83AF700C24585EDA005AF5A8 /* Entities */,
			);
			path = OpenbankMobileTest;
			sourceTree = "<group>";
		};
		83AF6FF524585368005AF5A8 /* HomeView */ = {
			isa = PBXGroup;
			children = (
				83AF6FF62458544B005AF5A8 /* HomePresenter.swift */,
				83AF6FF72458544B005AF5A8 /* HomeLocalDataManager.swift */,
				83AF6FF82458544B005AF5A8 /* HomeProtocols.swift */,
				83AF6FF92458544B005AF5A8 /* HomeInteractor.swift */,
				83AF6FFA2458544B005AF5A8 /* HomeView.swift */,
				83AF6FFB2458544B005AF5A8 /* HomeRemoteDataManager.swift */,
				83AF6FFC2458544B005AF5A8 /* HomeWireFrame.swift */,
				83AF7004245854E7005AF5A8 /* HomeView.storyboard */,
				83416A5F2458F31200CD52DF /* HomeCollectionViewCell.swift */,
			);
			path = HomeView;
			sourceTree = "<group>";
		};
		83AF700C24585EDA005AF5A8 /* Entities */ = {
			isa = PBXGroup;
			children = (
				83AF700824585D8F005AF5A8 /* Character.swift */,
				83AF700624585B82005AF5A8 /* CharactersResponse.swift */,
			);
			path = Entities;
			sourceTree = "<group>";
		};
		83AF700D24588F6A005AF5A8 /* Networking */ = {
			isa = PBXGroup;
			children = (
				83AF700E2458A584005AF5A8 /* ApiFactory.swift */,
				839B4E6F2458BC1C005A5FBE /* ApiFactory+Characters.swift */,
				839B4E712458BC53005A5FBE /* ApiFactoryProtocol.swift */,
			);
			path = Networking;
			sourceTree = "<group>";
		};
		95B3EFE78059889155C16F7A /* Pods */ = {
			isa = PBXGroup;
			children = (
				89BAB2556983017B1C39E10A /* Pods-OpenbankMobileTest.debug.xcconfig */,
				D18FC98EFCF7B6098FB48E84 /* Pods-OpenbankMobileTest.release.xcconfig */,
			);
			path = Pods;
			sourceTree = "<group>";
		};
/* End PBXGroup section */

/* Begin PBXNativeTarget section */
		83AF6FCF2458442F005AF5A8 /* OpenbankMobileTest */ = {
			isa = PBXNativeTarget;
			buildConfigurationList = 83AF6FE424584432005AF5A8 /* Build configuration list for PBXNativeTarget "OpenbankMobileTest" */;
			buildPhases = (
				E7A69DC179200E99A3FCAB76 /* [CP] Check Pods Manifest.lock */,
				83AF6FCC2458442F005AF5A8 /* Sources */,
				83AF6FCD2458442F005AF5A8 /* Frameworks */,
				83AF6FCE2458442F005AF5A8 /* Resources */,
				2A2EDE63836EEC48FB530637 /* [CP] Embed Pods Frameworks */,
			);
			buildRules = (
			);
			dependencies = (
			);
			name = OpenbankMobileTest;
			productName = OpenbankMobileTest;
			productReference = 83AF6FD02458442F005AF5A8 /* OpenbankMobileTest.app */;
			productType = "com.apple.product-type.application";
		};
/* End PBXNativeTarget section */

/* Begin PBXProject section */
		83AF6FC82458442F005AF5A8 /* Project object */ = {
			isa = PBXProject;
			attributes = {
				LastSwiftUpdateCheck = 1120;
				LastUpgradeCheck = 1120;
				ORGANIZATIONNAME = "AtalayaSoft OÜ";
				TargetAttributes = {
					83AF6FCF2458442F005AF5A8 = {
						CreatedOnToolsVersion = 11.2.1;
					};
				};
			};
			buildConfigurationList = 83AF6FCB2458442F005AF5A8 /* Build configuration list for PBXProject "OpenbankMobileTest" */;
			compatibilityVersion = "Xcode 9.3";
			developmentRegion = en;
			hasScannedForEncodings = 0;
			knownRegions = (
				en,
				Base,
			);
			mainGroup = 83AF6FC72458442F005AF5A8;
			productRefGroup = 83AF6FD12458442F005AF5A8 /* Products */;
			projectDirPath = "";
			projectRoot = "";
			targets = (
				83AF6FCF2458442F005AF5A8 /* OpenbankMobileTest */,
			);
		};
/* End PBXProject section */

/* Begin PBXResourcesBuildPhase section */
		83AF6FCE2458442F005AF5A8 /* Resources */ = {
			isa = PBXResourcesBuildPhase;
			buildActionMask = 2147483647;
			files = (
				83AF7005245854E7005AF5A8 /* HomeView.storyboard in Resources */,
				83AF6FE024584431005AF5A8 /* LaunchScreen.storyboard in Resources */,
				836C130B245968F400C2E66D /* DetailView.storyboard in Resources */,
				83AF6FDD24584431005AF5A8 /* Assets.xcassets in Resources */,
			);
			runOnlyForDeploymentPostprocessing = 0;
		};
/* End PBXResourcesBuildPhase section */

/* Begin PBXShellScriptBuildPhase section */
		2A2EDE63836EEC48FB530637 /* [CP] Embed Pods Frameworks */ = {
			isa = PBXShellScriptBuildPhase;
			buildActionMask = 2147483647;
			files = (
			);
			inputFileListPaths = (
				"${PODS_ROOT}/Target Support Files/Pods-OpenbankMobileTest/Pods-OpenbankMobileTest-frameworks-${CONFIGURATION}-input-files.xcfilelist",
			);
			name = "[CP] Embed Pods Frameworks";
			outputFileListPaths = (
				"${PODS_ROOT}/Target Support Files/Pods-OpenbankMobileTest/Pods-OpenbankMobileTest-frameworks-${CONFIGURATION}-output-files.xcfilelist",
			);
			runOnlyForDeploymentPostprocessing = 0;
			shellPath = /bin/sh;
			shellScript = "\"${PODS_ROOT}/Target Support Files/Pods-OpenbankMobileTest/Pods-OpenbankMobileTest-frameworks.sh\"\n";
			showEnvVarsInLog = 0;
		};
		E7A69DC179200E99A3FCAB76 /* [CP] Check Pods Manifest.lock */ = {
			isa = PBXShellScriptBuildPhase;
			buildActionMask = 2147483647;
			files = (
			);
			inputFileListPaths = (
			);
			inputPaths = (
				"${PODS_PODFILE_DIR_PATH}/Podfile.lock",
				"${PODS_ROOT}/Manifest.lock",
			);
			name = "[CP] Check Pods Manifest.lock";
			outputFileListPaths = (
			);
			outputPaths = (
				"$(DERIVED_FILE_DIR)/Pods-OpenbankMobileTest-checkManifestLockResult.txt",
			);
			runOnlyForDeploymentPostprocessing = 0;
			shellPath = /bin/sh;
			shellScript = "diff \"${PODS_PODFILE_DIR_PATH}/Podfile.lock\" \"${PODS_ROOT}/Manifest.lock\" > /dev/null\nif [ $? != 0 ] ; then\n    # print error to STDERR\n    echo \"error: The sandbox is not in sync with the Podfile.lock. Run 'pod install' or update your CocoaPods installation.\" >&2\n    exit 1\nfi\n# This output is used by Xcode 'outputs' to avoid re-running this script phase.\necho \"SUCCESS\" > \"${SCRIPT_OUTPUT_FILE_0}\"\n";
			showEnvVarsInLog = 0;
		};
/* End PBXShellScriptBuildPhase section */

/* Begin PBXSourcesBuildPhase section */
		83AF6FCC2458442F005AF5A8 /* Sources */ = {
			isa = PBXSourcesBuildPhase;
			buildActionMask = 2147483647;
			files = (
				83AF6FFF2458544B005AF5A8 /* HomeProtocols.swift in Sources */,
				839B4E702458BC1C005A5FBE /* ApiFactory+Characters.swift in Sources */,
				83AF70032458544B005AF5A8 /* HomeWireFrame.swift in Sources */,
				836C130624595E7F00C2E66D /* DetailInteractor.swift in Sources */,
				83AF6FD42458442F005AF5A8 /* AppDelegate.swift in Sources */,
				83AF6FFD2458544B005AF5A8 /* HomePresenter.swift in Sources */,
				83AF70012458544B005AF5A8 /* HomeView.swift in Sources */,
				83AF70002458544B005AF5A8 /* HomeInteractor.swift in Sources */,
				836C130824595E7F00C2E66D /* DetailRemoteDataManager.swift in Sources */,
				836C130924595E7F00C2E66D /* DetailWireFrame.swift in Sources */,
				83416A602458F31200CD52DF /* HomeCollectionViewCell.swift in Sources */,
				836C130524595E7F00C2E66D /* DetailProtocols.swift in Sources */,
				836C130324595E7F00C2E66D /* DetailPresenter.swift in Sources */,
				83AF70022458544B005AF5A8 /* HomeRemoteDataManager.swift in Sources */,
				836C130424595E7F00C2E66D /* DetailLocalDataManager.swift in Sources */,
				83AF700924585D8F005AF5A8 /* Character.swift in Sources */,
				83AF700F2458A584005AF5A8 /* ApiFactory.swift in Sources */,
				83AF700724585B82005AF5A8 /* CharactersResponse.swift in Sources */,
				836C130724595E7F00C2E66D /* DetailView.swift in Sources */,
				83AF6FFE2458544B005AF5A8 /* HomeLocalDataManager.swift in Sources */,
				839B4E722458BC53005A5FBE /* ApiFactoryProtocol.swift in Sources */,
			);
			runOnlyForDeploymentPostprocessing = 0;
		};
/* End PBXSourcesBuildPhase section */

/* Begin PBXVariantGroup section */
		83AF6FDE24584431005AF5A8 /* LaunchScreen.storyboard */ = {
			isa = PBXVariantGroup;
			children = (
				83AF6FDF24584431005AF5A8 /* Base */,
			);
			name = LaunchScreen.storyboard;
			sourceTree = "<group>";
		};
/* End PBXVariantGroup section */

/* Begin XCBuildConfiguration section */
		83AF6FE224584432005AF5A8 /* Debug */ = {
			isa = XCBuildConfiguration;
			buildSettings = {
				ALWAYS_SEARCH_USER_PATHS = NO;
				CLANG_ANALYZER_NONNULL = YES;
				CLANG_ANALYZER_NUMBER_OBJECT_CONVERSION = YES_AGGRESSIVE;
				CLANG_CXX_LANGUAGE_STANDARD = "gnu++14";
				CLANG_CXX_LIBRARY = "libc++";
				CLANG_ENABLE_MODULES = YES;
				CLANG_ENABLE_OBJC_ARC = YES;
				CLANG_ENABLE_OBJC_WEAK = YES;
				CLANG_WARN_BLOCK_CAPTURE_AUTORELEASING = YES;
				CLANG_WARN_BOOL_CONVERSION = YES;
				CLANG_WARN_COMMA = YES;
				CLANG_WARN_CONSTANT_CONVERSION = YES;
				CLANG_WARN_DEPRECATED_OBJC_IMPLEMENTATIONS = YES;
				CLANG_WARN_DIRECT_OBJC_ISA_USAGE = YES_ERROR;
				CLANG_WARN_DOCUMENTATION_COMMENTS = YES;
				CLANG_WARN_EMPTY_BODY = YES;
				CLANG_WARN_ENUM_CONVERSION = YES;
				CLANG_WARN_INFINITE_RECURSION = YES;
				CLANG_WARN_INT_CONVERSION = YES;
				CLANG_WARN_NON_LITERAL_NULL_CONVERSION = YES;
				CLANG_WARN_OBJC_IMPLICIT_RETAIN_SELF = YES;
				CLANG_WARN_OBJC_LITERAL_CONVERSION = YES;
				CLANG_WARN_OBJC_ROOT_CLASS = YES_ERROR;
				CLANG_WARN_RANGE_LOOP_ANALYSIS = YES;
				CLANG_WARN_STRICT_PROTOTYPES = YES;
				CLANG_WARN_SUSPICIOUS_MOVE = YES;
				CLANG_WARN_UNGUARDED_AVAILABILITY = YES_AGGRESSIVE;
				CLANG_WARN_UNREACHABLE_CODE = YES;
				CLANG_WARN__DUPLICATE_METHOD_MATCH = YES;
				COPY_PHASE_STRIP = NO;
				DEBUG_INFORMATION_FORMAT = dwarf;
				ENABLE_STRICT_OBJC_MSGSEND = YES;
				ENABLE_TESTABILITY = YES;
				GCC_C_LANGUAGE_STANDARD = gnu11;
				GCC_DYNAMIC_NO_PIC = NO;
				GCC_NO_COMMON_BLOCKS = YES;
				GCC_OPTIMIZATION_LEVEL = 0;
				GCC_PREPROCESSOR_DEFINITIONS = (
					"DEBUG=1",
					"$(inherited)",
				);
				GCC_WARN_64_TO_32_BIT_CONVERSION = YES;
				GCC_WARN_ABOUT_RETURN_TYPE = YES_ERROR;
				GCC_WARN_UNDECLARED_SELECTOR = YES;
				GCC_WARN_UNINITIALIZED_AUTOS = YES_AGGRESSIVE;
				GCC_WARN_UNUSED_FUNCTION = YES;
				GCC_WARN_UNUSED_VARIABLE = YES;
				IPHONEOS_DEPLOYMENT_TARGET = 13.2;
				MTL_ENABLE_DEBUG_INFO = INCLUDE_SOURCE;
				MTL_FAST_MATH = YES;
				ONLY_ACTIVE_ARCH = YES;
				SDKROOT = iphoneos;
				SWIFT_ACTIVE_COMPILATION_CONDITIONS = DEBUG;
				SWIFT_OPTIMIZATION_LEVEL = "-Onone";
			};
			name = Debug;
		};
		83AF6FE324584432005AF5A8 /* Release */ = {
			isa = XCBuildConfiguration;
			buildSettings = {
				ALWAYS_SEARCH_USER_PATHS = NO;
				CLANG_ANALYZER_NONNULL = YES;
				CLANG_ANALYZER_NUMBER_OBJECT_CONVERSION = YES_AGGRESSIVE;
				CLANG_CXX_LANGUAGE_STANDARD = "gnu++14";
				CLANG_CXX_LIBRARY = "libc++";
				CLANG_ENABLE_MODULES = YES;
				CLANG_ENABLE_OBJC_ARC = YES;
				CLANG_ENABLE_OBJC_WEAK = YES;
				CLANG_WARN_BLOCK_CAPTURE_AUTORELEASING = YES;
				CLANG_WARN_BOOL_CONVERSION = YES;
				CLANG_WARN_COMMA = YES;
				CLANG_WARN_CONSTANT_CONVERSION = YES;
				CLANG_WARN_DEPRECATED_OBJC_IMPLEMENTATIONS = YES;
				CLANG_WARN_DIRECT_OBJC_ISA_USAGE = YES_ERROR;
				CLANG_WARN_DOCUMENTATION_COMMENTS = YES;
				CLANG_WARN_EMPTY_BODY = YES;
				CLANG_WARN_ENUM_CONVERSION = YES;
				CLANG_WARN_INFINITE_RECURSION = YES;
				CLANG_WARN_INT_CONVERSION = YES;
				CLANG_WARN_NON_LITERAL_NULL_CONVERSION = YES;
				CLANG_WARN_OBJC_IMPLICIT_RETAIN_SELF = YES;
				CLANG_WARN_OBJC_LITERAL_CONVERSION = YES;
				CLANG_WARN_OBJC_ROOT_CLASS = YES_ERROR;
				CLANG_WARN_RANGE_LOOP_ANALYSIS = YES;
				CLANG_WARN_STRICT_PROTOTYPES = YES;
				CLANG_WARN_SUSPICIOUS_MOVE = YES;
				CLANG_WARN_UNGUARDED_AVAILABILITY = YES_AGGRESSIVE;
				CLANG_WARN_UNREACHABLE_CODE = YES;
				CLANG_WARN__DUPLICATE_METHOD_MATCH = YES;
				COPY_PHASE_STRIP = NO;
				DEBUG_INFORMATION_FORMAT = "dwarf-with-dsym";
				ENABLE_NS_ASSERTIONS = NO;
				ENABLE_STRICT_OBJC_MSGSEND = YES;
				GCC_C_LANGUAGE_STANDARD = gnu11;
				GCC_NO_COMMON_BLOCKS = YES;
				GCC_WARN_64_TO_32_BIT_CONVERSION = YES;
				GCC_WARN_ABOUT_RETURN_TYPE = YES_ERROR;
				GCC_WARN_UNDECLARED_SELECTOR = YES;
				GCC_WARN_UNINITIALIZED_AUTOS = YES_AGGRESSIVE;
				GCC_WARN_UNUSED_FUNCTION = YES;
				GCC_WARN_UNUSED_VARIABLE = YES;
				IPHONEOS_DEPLOYMENT_TARGET = 13.2;
				MTL_ENABLE_DEBUG_INFO = NO;
				MTL_FAST_MATH = YES;
				SDKROOT = iphoneos;
				SWIFT_COMPILATION_MODE = wholemodule;
				SWIFT_OPTIMIZATION_LEVEL = "-O";
				VALIDATE_PRODUCT = YES;
			};
			name = Release;
		};
		83AF6FE524584432005AF5A8 /* Debug */ = {
			isa = XCBuildConfiguration;
			baseConfigurationReference = 89BAB2556983017B1C39E10A /* Pods-OpenbankMobileTest.debug.xcconfig */;
			buildSettings = {
				ASSETCATALOG_COMPILER_APPICON_NAME = AppIcon;
				CODE_SIGN_STYLE = Automatic;
				DEVELOPMENT_TEAM = CHLU9334PL;
				INFOPLIST_FILE = OpenbankMobileTest/Info.plist;
				LD_RUNPATH_SEARCH_PATHS = (
					"$(inherited)",
					"@executable_path/Frameworks",
				);
				PRODUCT_BUNDLE_IDENTIFIER = com.atalayasoft.OpenbankMobileTest;
				PRODUCT_NAME = "$(TARGET_NAME)";
				SWIFT_VERSION = 5.0;
				TARGETED_DEVICE_FAMILY = 1;
			};
			name = Debug;
		};
		83AF6FE624584432005AF5A8 /* Release */ = {
			isa = XCBuildConfiguration;
			baseConfigurationReference = D18FC98EFCF7B6098FB48E84 /* Pods-OpenbankMobileTest.release.xcconfig */;
			buildSettings = {
				ASSETCATALOG_COMPILER_APPICON_NAME = AppIcon;
				CODE_SIGN_STYLE = Automatic;
				DEVELOPMENT_TEAM = CHLU9334PL;
				INFOPLIST_FILE = OpenbankMobileTest/Info.plist;
				LD_RUNPATH_SEARCH_PATHS = (
					"$(inherited)",
					"@executable_path/Frameworks",
				);
				PRODUCT_BUNDLE_IDENTIFIER = com.atalayasoft.OpenbankMobileTest;
				PRODUCT_NAME = "$(TARGET_NAME)";
				SWIFT_VERSION = 5.0;
				TARGETED_DEVICE_FAMILY = 1;
			};
			name = Release;
		};
/* End XCBuildConfiguration section */

/* Begin XCConfigurationList section */
		83AF6FCB2458442F005AF5A8 /* Build configuration list for PBXProject "OpenbankMobileTest" */ = {
			isa = XCConfigurationList;
			buildConfigurations = (
				83AF6FE224584432005AF5A8 /* Debug */,
				83AF6FE324584432005AF5A8 /* Release */,
			);
			defaultConfigurationIsVisible = 0;
			defaultConfigurationName = Release;
		};
		83AF6FE424584432005AF5A8 /* Build configuration list for PBXNativeTarget "OpenbankMobileTest" */ = {
			isa = XCConfigurationList;
			buildConfigurations = (
				83AF6FE524584432005AF5A8 /* Debug */,
				83AF6FE624584432005AF5A8 /* Release */,
			);
			defaultConfigurationIsVisible = 0;
			defaultConfigurationName = Release;
		};
/* End XCConfigurationList section */
	};
	rootObject = 83AF6FC82458442F005AF5A8 /* Project object */;
}
